
Microsoft Visual Studio Solution File, Format Version 12.00
# Visual Studio Version 17
VisualStudioVersion = 17.4.33122.133
MinimumVisualStudioVersion = 10.0.40219.1
Project("{FAE04EC0-301F-11D3-BF4B-00C04F79EFBC}") = "NEE.Core", "NEE.Core\NEE.Core.csproj", "{D546B4F7-8069-41C6-BE8E-9551BE8DB05A}"
EndProject
Project("{FAE04EC0-301F-11D3-BF4B-00C04F79EFBC}") = "NEE.Service", "NEE.Service\NEE.Service.csproj", "{DCD1C58C-58FD-4C76-B55D-ED812C67B11B}"
EndProject
Project("{FAE04EC0-301F-11D3-BF4B-00C04F79EFBC}") = "NEE.Web", "NEE.Web\NEE.Web.csproj", "{84BEA68B-DA8A-4102-BFB8-330E619CAE7F}"
EndProject
Project("{FAE04EC0-301F-11D3-BF4B-00C04F79EFBC}") = "NEE.Database", "NEE.Database\NEE.Database.csproj", "{0A6624DF-22DD-4434-886B-92A03D96EB02}"
EndProject
Project("{2150E333-8FDC-42A3-9474-1A3956D46DE8}") = "XServices", "XServices", "{9D0182EB-F234-4F82-9E74-F021131F0D30}"
EndProject
Project("{FAE04EC0-301F-11D3-BF4B-00C04F79EFBC}") = "XServices.Idika", "XServices.Idika\XServices.Idika.csproj", "{23F262BC-A906-4948-AA69-744C0039257D}"
EndProject
Project("{FAE04EC0-301F-11D3-BF4B-00C04F79EFBC}") = "XServices.Iban", "XServices.Iban\XServices.Iban.csproj", "{C032D0C6-146A-4CDB-8201-0FCC13739050}"
EndProject
Project("{FAE04EC0-301F-11D3-BF4B-00C04F79EFBC}") = "XServices.Tests", "XServices.Tests\XServices.Tests.csproj", "{60FE78F5-2AFB-4B0F-A78A-180A189DFDF3}"
EndProject
Project("{FAE04EC0-301F-11D3-BF4B-00C04F79EFBC}") = "XServices.Edto", "XServices.KED\XServices.Edto.csproj", "{6D5539E4-F0F3-4784-981E-FC769CB5087A}"
EndProject
Project("{FAE04EC0-301F-11D3-BF4B-00C04F79EFBC}") = "XServices.NotificationCenter", "XServices.NotificationCenter\XServices.NotificationCenter.csproj", "{5CD11075-800A-4AFF-ABF5-F0B32AAE8053}"
EndProject
Project("{FAE04EC0-301F-11D3-BF4B-00C04F79EFBC}") = "XServices.Ergani", "XServices.Ergani\XServices.Ergani.csproj", "{31A31FB6-2430-46D5-A6D4-F9B3FB84F012}"
EndProject
Project("{FAE04EC0-301F-11D3-BF4B-00C04F79EFBC}") = "NEE.Audit", "NEE.Audit\NEE.Audit.csproj", "{A01D8B7E-5C7E-42C9-974B-31F007D7D489}"
EndProject
Project("{FAE04EC0-301F-11D3-BF4B-00C04F79EFBC}") = "NEE.Service.Tests", "NEE.Service.Tests\NEE.Service.Tests.csproj", "{FC1227AF-32B4-4AAF-96E1-78C3F71FA317}"
EndProject
Project("{FAE04EC0-301F-11D3-BF4B-00C04F79EFBC}") = "XServices.Efka", "XServices.Efka\XServices.Efka.csproj", "{7BCE25DD-00B7-4F86-A386-F9A27064AB5A}"
EndProject
Project("{FAE04EC0-301F-11D3-BF4B-00C04F79EFBC}") = "XServices.Gsis", "XServices.Gsis\XServices.Gsis.csproj", "{40D27D81-1665-463C-BD1C-16D7AC52F811}"
EndProject
Project("{FAE04EC0-301F-11D3-BF4B-00C04F79EFBC}") = "XServices.CitizenRegistry", "XServices.CitizenRegistry\XServices.CitizenRegistry.csproj", "{3B3AE480-19E7-4EC5-9EE3-120AE5F636C9}"
EndProject
Global
	GlobalSection(SolutionConfigurationPlatforms) = preSolution
		Debug|Any CPU = Debug|Any CPU
		Release|Any CPU = Release|Any CPU
	EndGlobalSection
	GlobalSection(ProjectConfigurationPlatforms) = postSolution
		{D546B4F7-8069-41C6-BE8E-9551BE8DB05A}.Debug|Any CPU.ActiveCfg = Debug|Any CPU
		{D546B4F7-8069-41C6-BE8E-9551BE8DB05A}.Debug|Any CPU.Build.0 = Debug|Any CPU
		{D546B4F7-8069-41C6-BE8E-9551BE8DB05A}.Release|Any CPU.ActiveCfg = Release|Any CPU
		{D546B4F7-8069-41C6-BE8E-9551BE8DB05A}.Release|Any CPU.Build.0 = Release|Any CPU
		{DCD1C58C-58FD-4C76-B55D-ED812C67B11B}.Debug|Any CPU.ActiveCfg = Debug|Any CPU
		{DCD1C58C-58FD-4C76-B55D-ED812C67B11B}.Debug|Any CPU.Build.0 = Debug|Any CPU
		{DCD1C58C-58FD-4C76-B55D-ED812C67B11B}.Release|Any CPU.ActiveCfg = Release|Any CPU
		{DCD1C58C-58FD-4C76-B55D-ED812C67B11B}.Release|Any CPU.Build.0 = Release|Any CPU
		{84BEA68B-DA8A-4102-BFB8-330E619CAE7F}.Debug|Any CPU.ActiveCfg = Debug|Any CPU
		{84BEA68B-DA8A-4102-BFB8-330E619CAE7F}.Debug|Any CPU.Build.0 = Debug|Any CPU
		{84BEA68B-DA8A-4102-BFB8-330E619CAE7F}.Release|Any CPU.ActiveCfg = Release|Any CPU
		{84BEA68B-DA8A-4102-BFB8-330E619CAE7F}.Release|Any CPU.Build.0 = Release|Any CPU
		{0A6624DF-22DD-4434-886B-92A03D96EB02}.Debug|Any CPU.ActiveCfg = Debug|Any CPU
		{0A6624DF-22DD-4434-886B-92A03D96EB02}.Debug|Any CPU.Build.0 = Debug|Any CPU
		{0A6624DF-22DD-4434-886B-92A03D96EB02}.Release|Any CPU.ActiveCfg = Release|Any CPU
		{0A6624DF-22DD-4434-886B-92A03D96EB02}.Release|Any CPU.Build.0 = Release|Any CPU
		{23F262BC-A906-4948-AA69-744C0039257D}.Debug|Any CPU.ActiveCfg = Debug|Any CPU
		{23F262BC-A906-4948-AA69-744C0039257D}.Debug|Any CPU.Build.0 = Debug|Any CPU
		{23F262BC-A906-4948-AA69-744C0039257D}.Release|Any CPU.ActiveCfg = Release|Any CPU
		{23F262BC-A906-4948-AA69-744C0039257D}.Release|Any CPU.Build.0 = Release|Any CPU
		{C032D0C6-146A-4CDB-8201-0FCC13739050}.Debug|Any CPU.ActiveCfg = Debug|Any CPU
		{C032D0C6-146A-4CDB-8201-0FCC13739050}.Debug|Any CPU.Build.0 = Debug|Any CPU
		{C032D0C6-146A-4CDB-8201-0FCC13739050}.Release|Any CPU.ActiveCfg = Release|Any CPU
		{C032D0C6-146A-4CDB-8201-0FCC13739050}.Release|Any CPU.Build.0 = Release|Any CPU
		{60FE78F5-2AFB-4B0F-A78A-180A189DFDF3}.Debug|Any CPU.ActiveCfg = Debug|Any CPU
		{60FE78F5-2AFB-4B0F-A78A-180A189DFDF3}.Debug|Any CPU.Build.0 = Debug|Any CPU
		{60FE78F5-2AFB-4B0F-A78A-180A189DFDF3}.Release|Any CPU.ActiveCfg = Release|Any CPU
		{60FE78F5-2AFB-4B0F-A78A-180A189DFDF3}.Release|Any CPU.Build.0 = Release|Any CPU
		{6D5539E4-F0F3-4784-981E-FC769CB5087A}.Debug|Any CPU.ActiveCfg = Debug|Any CPU
		{6D5539E4-F0F3-4784-981E-FC769CB5087A}.Debug|Any CPU.Build.0 = Debug|Any CPU
		{6D5539E4-F0F3-4784-981E-FC769CB5087A}.Release|Any CPU.ActiveCfg = Release|Any CPU
		{6D5539E4-F0F3-4784-981E-FC769CB5087A}.Release|Any CPU.Build.0 = Release|Any CPU
		{5CD11075-800A-4AFF-ABF5-F0B32AAE8053}.Debug|Any CPU.ActiveCfg = Debug|Any CPU
		{5CD11075-800A-4AFF-ABF5-F0B32AAE8053}.Debug|Any CPU.Build.0 = Debug|Any CPU
		{5CD11075-800A-4AFF-ABF5-F0B32AAE8053}.Release|Any CPU.ActiveCfg = Release|Any CPU
		{5CD11075-800A-4AFF-ABF5-F0B32AAE8053}.Release|Any CPU.Build.0 = Release|Any CPU
		{31A31FB6-2430-46D5-A6D4-F9B3FB84F012}.Debug|Any CPU.ActiveCfg = Debug|Any CPU
		{31A31FB6-2430-46D5-A6D4-F9B3FB84F012}.Debug|Any CPU.Build.0 = Debug|Any CPU
		{31A31FB6-2430-46D5-A6D4-F9B3FB84F012}.Release|Any CPU.ActiveCfg = Release|Any CPU
		{31A31FB6-2430-46D5-A6D4-F9B3FB84F012}.Release|Any CPU.Build.0 = Release|Any CPU
		{A01D8B7E-5C7E-42C9-974B-31F007D7D489}.Debug|Any CPU.ActiveCfg = Debug|Any CPU
		{A01D8B7E-5C7E-42C9-974B-31F007D7D489}.Debug|Any CPU.Build.0 = Debug|Any CPU
		{A01D8B7E-5C7E-42C9-974B-31F007D7D489}.Release|Any CPU.ActiveCfg = Release|Any CPU
		{A01D8B7E-5C7E-42C9-974B-31F007D7D489}.Release|Any CPU.Build.0 = Release|Any CPU
		{FC1227AF-32B4-4AAF-96E1-78C3F71FA317}.Debug|Any CPU.ActiveCfg = Debug|Any CPU
		{FC1227AF-32B4-4AAF-96E1-78C3F71FA317}.Debug|Any CPU.Build.0 = Debug|Any CPU
		{FC1227AF-32B4-4AAF-96E1-78C3F71FA317}.Release|Any CPU.ActiveCfg = Release|Any CPU
		{FC1227AF-32B4-4AAF-96E1-78C3F71FA317}.Release|Any CPU.Build.0 = Release|Any CPU
		{7BCE25DD-00B7-4F86-A386-F9A27064AB5A}.Debug|Any CPU.ActiveCfg = Debug|Any CPU
		{7BCE25DD-00B7-4F86-A386-F9A27064AB5A}.Debug|Any CPU.Build.0 = Debug|Any CPU
		{7BCE25DD-00B7-4F86-A386-F9A27064AB5A}.Release|Any CPU.ActiveCfg = Release|Any CPU
		{7BCE25DD-00B7-4F86-A386-F9A27064AB5A}.Release|Any CPU.Build.0 = Release|Any CPU
		{40D27D81-1665-463C-BD1C-16D7AC52F811}.Debug|Any CPU.ActiveCfg = Debug|Any CPU
		{40D27D81-1665-463C-BD1C-16D7AC52F811}.Debug|Any CPU.Build.0 = Debug|Any CPU
		{40D27D81-1665-463C-BD1C-16D7AC52F811}.Release|Any CPU.ActiveCfg = Release|Any CPU
		{40D27D81-1665-463C-BD1C-16D7AC52F811}.Release|Any CPU.Build.0 = Release|Any CPU
		{3B3AE480-19E7-4EC5-9EE3-120AE5F636C9}.Debug|Any CPU.ActiveCfg = Debug|Any CPU
		{3B3AE480-19E7-4EC5-9EE3-120AE5F636C9}.Debug|Any CPU.Build.0 = Debug|Any CPU
		{3B3AE480-19E7-4EC5-9EE3-120AE5F636C9}.Release|Any CPU.ActiveCfg = Release|Any CPU
		{3B3AE480-19E7-4EC5-9EE3-120AE5F636C9}.Release|Any CPU.Build.0 = Release|Any CPU
	EndGlobalSection
	GlobalSection(SolutionProperties) = preSolution
		HideSolutionNode = FALSE
	EndGlobalSection
	GlobalSection(NestedProjects) = preSolution
		{23F262BC-A906-4948-AA69-744C0039257D} = {9D0182EB-F234-4F82-9E74-F021131F0D30}
		{C032D0C6-146A-4CDB-8201-0FCC13739050} = {9D0182EB-F234-4F82-9E74-F021131F0D30}
		{60FE78F5-2AFB-4B0F-A78A-180A189DFDF3} = {9D0182EB-F234-4F82-9E74-F021131F0D30}
		{6D5539E4-F0F3-4784-981E-FC769CB5087A} = {9D0182EB-F234-4F82-9E74-F021131F0D30}
		{5CD11075-800A-4AFF-ABF5-F0B32AAE8053} = {9D0182EB-F234-4F82-9E74-F021131F0D30}
		{31A31FB6-2430-46D5-A6D4-F9B3FB84F012} = {9D0182EB-F234-4F82-9E74-F021131F0D30}
		{7BCE25DD-00B7-4F86-A386-F9A27064AB5A} = {9D0182EB-F234-4F82-9E74-F021131F0D30}
		{40D27D81-1665-463C-BD1C-16D7AC52F811} = {9D0182EB-F234-4F82-9E74-F021131F0D30}
		{3B3AE480-19E7-4EC5-9EE3-120AE5F636C9} = {9D0182EB-F234-4F82-9E74-F021131F0D30}
	EndGlobalSection
	GlobalSection(ExtensibilityGlobals) = postSolution
		SolutionGuid = {C8213F17-8EDF-455A-8383-EBDBFC201F0A}
	EndGlobalSection
EndGlobal
